DEPENDENCIES
  fake
    path: test/cookbooks/fake
  machine_tag
    git: https://github.com/rightscale-cookbooks/machine_tag.git
    revision: 581dd0b7ddf2e65939527bb5e6c6c47788d1bf33
  marker
    git: https://github.com/rightscale-cookbooks/marker.git
    revision: 058e70879408fceceb628c600d487b1ddfa06cdb
  rightscale_tag
    path: .
    metadata: true

GRAPH
  apt (5.0.1)
    compat_resource (>= 12.16.3)
  build-essential (7.0.3)
    compat_resource (>= 12.16.3)
    mingw (>= 1.1)
    seven_zip (>= 0.0.0)
  compat_resource (12.16.3)
  fake (0.1.0)
    rightscale_tag (>= 0.0.0)
  machine_tag (2.0.1)
    apt (>= 0.0.0)
    build-essential (>= 0.0.0)
  marker (2.0.0)
  mingw (1.2.5)
    compat_resource (>= 12.16.3)
    seven_zip (>= 0.0.0)
  ohai (4.2.3)
    compat_resource (>= 12.14.7)
  rightscale_tag (2.0.0)
    machine_tag (~> 2.0)
    marker (~> 2.0)
  seven_zip (2.0.2)
    windows (>= 1.2.2)
  windows (2.1.1)
    ohai (>= 4.0.0)
